
Microsoft Visual Studio Solution File, Format Version 12.00
# Visual Studio Version 16
VisualStudioVersion = 16.0.30611.23
MinimumVisualStudioVersion = 10.0.40219.1
Project("{2150E333-8FDC-42A3-9474-1A3956D46DE8}") = "src", "src", "{C7780481-15D3-47C5-9069-2D005E00614B}"
EndProject
Project("{9A19103F-16F7-4668-BE54-9A1E7A4F7556}") = "LPA", "src\LPA\LPA.csproj", "{AA6974CB-394B-4556-B1D0-B07BEB9FB377}"
EndProject
Project("{9A19103F-16F7-4668-BE54-9A1E7A4F7556}") = "LPA.Model", "src\LPA.Model\LPA.Model.csproj", "{E9B3756E-FFF5-42DB-A06D-9A5AA0C3A2AB}"
EndProject
Project("{9A19103F-16F7-4668-BE54-9A1E7A4F7556}") = "LPA.Service", "src\LPA.Service\LPA.Service.csproj", "{98A35B20-BB63-4F5F-A4DC-0B3956FF7C26}"
EndProject
Project("{9A19103F-16F7-4668-BE54-9A1E7A4F7556}") = "LPA.DataLayer", "src\LPA.DataLayer\LPA.DataLayer.csproj", "{D8338638-3176-4F7A-BB1F-D1DABBF45B90}"
EndProject
Project("{9A19103F-16F7-4668-BE54-9A1E7A4F7556}") = "LPA.Common", "src\LPA.Common\LPA.Common.csproj", "{F239E9A8-3562-4DBC-BC2D-0F1CB5B040D2}"
EndProject
Project("{9A19103F-16F7-4668-BE54-9A1E7A4F7556}") = "LPA.Ioc", "src\LPA.Ioc\LPA.Ioc.csproj", "{44396247-2C1B-4723-BBA9-A31628CAF596}"
EndProject
Project("{9A19103F-16F7-4668-BE54-9A1E7A4F7556}") = "LPA.ThirdPartyApi", "src\LPA.ThirdPartyApi\LPA.ThirdPartyApi.csproj", "{F17802EA-484A-4422-B306-7E8F89EBAE9C}"
EndProject
Project("{9A19103F-16F7-4668-BE54-9A1E7A4F7556}") = "LPA.MsTests", "src\LPA.MsTests\LPA.MsTests.csproj", "{4E9CC183-ADBB-4C5A-AB81-9803CC2F7548}"
EndProject
Global
	GlobalSection(SolutionConfigurationPlatforms) = preSolution
		Debug|Any CPU = Debug|Any CPU
		Release|Any CPU = Release|Any CPU
	EndGlobalSection
	GlobalSection(ProjectConfigurationPlatforms) = postSolution
		{AA6974CB-394B-4556-B1D0-B07BEB9FB377}.Debug|Any CPU.ActiveCfg = Debug|Any CPU
		{AA6974CB-394B-4556-B1D0-B07BEB9FB377}.Debug|Any CPU.Build.0 = Debug|Any CPU
		{AA6974CB-394B-4556-B1D0-B07BEB9FB377}.Release|Any CPU.ActiveCfg = Release|Any CPU
		{AA6974CB-394B-4556-B1D0-B07BEB9FB377}.Release|Any CPU.Build.0 = Release|Any CPU
		{E9B3756E-FFF5-42DB-A06D-9A5AA0C3A2AB}.Debug|Any CPU.ActiveCfg = Debug|Any CPU
		{E9B3756E-FFF5-42DB-A06D-9A5AA0C3A2AB}.Debug|Any CPU.Build.0 = Debug|Any CPU
		{E9B3756E-FFF5-42DB-A06D-9A5AA0C3A2AB}.Release|Any CPU.ActiveCfg = Release|Any CPU
		{E9B3756E-FFF5-42DB-A06D-9A5AA0C3A2AB}.Release|Any CPU.Build.0 = Release|Any CPU
		{98A35B20-BB63-4F5F-A4DC-0B3956FF7C26}.Debug|Any CPU.ActiveCfg = Debug|Any CPU
		{98A35B20-BB63-4F5F-A4DC-0B3956FF7C26}.Debug|Any CPU.Build.0 = Debug|Any CPU
		{98A35B20-BB63-4F5F-A4DC-0B3956FF7C26}.Release|Any CPU.ActiveCfg = Release|Any CPU
		{98A35B20-BB63-4F5F-A4DC-0B3956FF7C26}.Release|Any CPU.Build.0 = Release|Any CPU
		{D8338638-3176-4F7A-BB1F-D1DABBF45B90}.Debug|Any CPU.ActiveCfg = Debug|Any CPU
		{D8338638-3176-4F7A-BB1F-D1DABBF45B90}.Debug|Any CPU.Build.0 = Debug|Any CPU
		{D8338638-3176-4F7A-BB1F-D1DABBF45B90}.Release|Any CPU.ActiveCfg = Release|Any CPU
		{D8338638-3176-4F7A-BB1F-D1DABBF45B90}.Release|Any CPU.Build.0 = Release|Any CPU
		{F239E9A8-3562-4DBC-BC2D-0F1CB5B040D2}.Debug|Any CPU.ActiveCfg = Debug|Any CPU
		{F239E9A8-3562-4DBC-BC2D-0F1CB5B040D2}.Debug|Any CPU.Build.0 = Debug|Any CPU
		{F239E9A8-3562-4DBC-BC2D-0F1CB5B040D2}.Release|Any CPU.ActiveCfg = Release|Any CPU
		{F239E9A8-3562-4DBC-BC2D-0F1CB5B040D2}.Release|Any CPU.Build.0 = Release|Any CPU
		{44396247-2C1B-4723-BBA9-A31628CAF596}.Debug|Any CPU.ActiveCfg = Debug|Any CPU
		{44396247-2C1B-4723-BBA9-A31628CAF596}.Debug|Any CPU.Build.0 = Debug|Any CPU
		{44396247-2C1B-4723-BBA9-A31628CAF596}.Release|Any CPU.ActiveCfg = Release|Any CPU
		{44396247-2C1B-4723-BBA9-A31628CAF596}.Release|Any CPU.Build.0 = Release|Any CPU
		{F17802EA-484A-4422-B306-7E8F89EBAE9C}.Debug|Any CPU.ActiveCfg = Debug|Any CPU
		{F17802EA-484A-4422-B306-7E8F89EBAE9C}.Debug|Any CPU.Build.0 = Debug|Any CPU
		{F17802EA-484A-4422-B306-7E8F89EBAE9C}.Release|Any CPU.ActiveCfg = Release|Any CPU
		{F17802EA-484A-4422-B306-7E8F89EBAE9C}.Release|Any CPU.Build.0 = Release|Any CPU
		{4E9CC183-ADBB-4C5A-AB81-9803CC2F7548}.Debug|Any CPU.ActiveCfg = Debug|Any CPU
		{4E9CC183-ADBB-4C5A-AB81-9803CC2F7548}.Debug|Any CPU.Build.0 = Debug|Any CPU
		{4E9CC183-ADBB-4C5A-AB81-9803CC2F7548}.Release|Any CPU.ActiveCfg = Release|Any CPU
		{4E9CC183-ADBB-4C5A-AB81-9803CC2F7548}.Release|Any CPU.Build.0 = Release|Any CPU
	EndGlobalSection
	GlobalSection(SolutionProperties) = preSolution
		HideSolutionNode = FALSE
	EndGlobalSection
	GlobalSection(NestedProjects) = preSolution
		{AA6974CB-394B-4556-B1D0-B07BEB9FB377} = {C7780481-15D3-47C5-9069-2D005E00614B}
		{E9B3756E-FFF5-42DB-A06D-9A5AA0C3A2AB} = {C7780481-15D3-47C5-9069-2D005E00614B}
		{98A35B20-BB63-4F5F-A4DC-0B3956FF7C26} = {C7780481-15D3-47C5-9069-2D005E00614B}
		{D8338638-3176-4F7A-BB1F-D1DABBF45B90} = {C7780481-15D3-47C5-9069-2D005E00614B}
		{F239E9A8-3562-4DBC-BC2D-0F1CB5B040D2} = {C7780481-15D3-47C5-9069-2D005E00614B}
		{44396247-2C1B-4723-BBA9-A31628CAF596} = {C7780481-15D3-47C5-9069-2D005E00614B}
		{F17802EA-484A-4422-B306-7E8F89EBAE9C} = {C7780481-15D3-47C5-9069-2D005E00614B}
		{4E9CC183-ADBB-4C5A-AB81-9803CC2F7548} = {C7780481-15D3-47C5-9069-2D005E00614B}
	EndGlobalSection
	GlobalSection(ExtensibilityGlobals) = postSolution
		SolutionGuid = {476C211C-47CF-41EC-BFF6-93BF7FFA4E59}
	EndGlobalSection
EndGlobal
