
Microsoft Visual Studio Solution File, Format Version 12.00
# Visual Studio Version 16
VisualStudioVersion = 16.0.30611.23
MinimumVisualStudioVersion = 10.0.40219.1
Project("{FAE04EC0-301F-11D3-BF4B-00C04F79EFBC}") = "LPA", "LPA.csproj", "{18615CB6-65E8-4100-A7FB-2BF35D561BC2}"
EndProject
Global
	GlobalSection(SolutionConfigurationPlatforms) = preSolution
		Debug|Any CPU = Debug|Any CPU
		Release|Any CPU = Release|Any CPU
	EndGlobalSection
	GlobalSection(ProjectConfigurationPlatforms) = postSolution
		{18615CB6-65E8-4100-A7FB-2BF35D561BC2}.Debug|Any CPU.ActiveCfg = Debug|Any CPU
		{18615CB6-65E8-4100-A7FB-2BF35D561BC2}.Debug|Any CPU.Build.0 = Debug|Any CPU
		{18615CB6-65E8-4100-A7FB-2BF35D561BC2}.Release|Any CPU.ActiveCfg = Release|Any CPU
		{18615CB6-65E8-4100-A7FB-2BF35D561BC2}.Release|Any CPU.Build.0 = Release|Any CPU
	EndGlobalSection
	GlobalSection(SolutionProperties) = preSolution
		HideSolutionNode = FALSE
	EndGlobalSection
	GlobalSection(ExtensibilityGlobals) = postSolution
		SolutionGuid = {476C211C-47CF-41EC-BFF6-93BF7FFA4E59}
	EndGlobalSection
EndGlobal
